
Microsoft Visual Studio Solution File, Format Version 12.00
# Visual Studio Version 17
VisualStudioVersion = 17.3.32825.248
MinimumVisualStudioVersion = 10.0.40219.1
Project("{9A19103F-16F7-4668-BE54-9A1E7A4F7556}") = "UTNCurso", "UTNCurso\UTNCurso.csproj", "{1DE77413-DE02-4C4F-8C3F-906E43F36FF2}"
EndProject
Project("{9A19103F-16F7-4668-BE54-9A1E7A4F7556}") = "UTNCurso.BLL.Services.Tests", "UTNCurso.BLL.Services.Tests\UTNCurso.BLL.Services.Tests.csproj", "{5257A447-FB95-4B52-94ED-8316534D360B}"
EndProject
Project("{2150E333-8FDC-42A3-9474-1A3956D46DE8}") = "DDD", "DDD", "{2B785443-BBC4-490C-B4CB-55EA1BCD5FD0}"
EndProject
Project("{9A19103F-16F7-4668-BE54-9A1E7A4F7556}") = "UTNCurso.Infrastructure", "UTNCurso.Infrastructure\UTNCurso.Infrastructure.csproj", "{EA75EF80-DD14-4929-B272-087E0B894208}"
EndProject
Project("{9A19103F-16F7-4668-BE54-9A1E7A4F7556}") = "UTNCurso.Core", "UTNCurso.Core\UTNCurso.Core.csproj", "{E81BACE6-34DD-4203-AE34-9CFE1A860D7A}"
EndProject
Project("{E53339B2-1760-4266-BCC7-CA923CBCF16C}") = "docker-compose", "docker-compose.dcproj", "{018D3174-E4DA-4130-B032-05BCFAADF804}"
EndProject
Project("{9A19103F-16F7-4668-BE54-9A1E7A4F7556}") = "UTNCursoApi", "UTNCursoApi\UTNCursoApi.csproj", "{4E610C09-8757-4424-A6D6-05C5B4BF9D2E}"
EndProject
Project("{2150E333-8FDC-42A3-9474-1A3956D46DE8}") = "UI", "UI", "{E7F62BE7-12A7-43FA-98A0-559A4910F9B3}"
EndProject
Project("{2150E333-8FDC-42A3-9474-1A3956D46DE8}") = "Application", "Application", "{A4271E71-1DA8-440E-BBA3-44F38F1FCA16}"
EndProject
Project("{2150E333-8FDC-42A3-9474-1A3956D46DE8}") = "Domain", "Domain", "{34565D92-074F-4B77-9A1F-0D16C1CC2F86}"
EndProject
Project("{2150E333-8FDC-42A3-9474-1A3956D46DE8}") = "Infrastructure", "Infrastructure", "{58B64367-A825-4E14-B6CB-CD46DC58016F}"
EndProject
Global
	GlobalSection(SolutionConfigurationPlatforms) = preSolution
		Debug|Any CPU = Debug|Any CPU
		Release|Any CPU = Release|Any CPU
	EndGlobalSection
	GlobalSection(ProjectConfigurationPlatforms) = postSolution
		{1DE77413-DE02-4C4F-8C3F-906E43F36FF2}.Debug|Any CPU.ActiveCfg = Debug|Any CPU
		{1DE77413-DE02-4C4F-8C3F-906E43F36FF2}.Debug|Any CPU.Build.0 = Debug|Any CPU
		{1DE77413-DE02-4C4F-8C3F-906E43F36FF2}.Release|Any CPU.ActiveCfg = Release|Any CPU
		{1DE77413-DE02-4C4F-8C3F-906E43F36FF2}.Release|Any CPU.Build.0 = Release|Any CPU
		{5257A447-FB95-4B52-94ED-8316534D360B}.Debug|Any CPU.ActiveCfg = Debug|Any CPU
		{5257A447-FB95-4B52-94ED-8316534D360B}.Debug|Any CPU.Build.0 = Debug|Any CPU
		{5257A447-FB95-4B52-94ED-8316534D360B}.Release|Any CPU.ActiveCfg = Release|Any CPU
		{5257A447-FB95-4B52-94ED-8316534D360B}.Release|Any CPU.Build.0 = Release|Any CPU
		{EA75EF80-DD14-4929-B272-087E0B894208}.Debug|Any CPU.ActiveCfg = Debug|Any CPU
		{EA75EF80-DD14-4929-B272-087E0B894208}.Debug|Any CPU.Build.0 = Debug|Any CPU
		{EA75EF80-DD14-4929-B272-087E0B894208}.Release|Any CPU.ActiveCfg = Release|Any CPU
		{EA75EF80-DD14-4929-B272-087E0B894208}.Release|Any CPU.Build.0 = Release|Any CPU
		{E81BACE6-34DD-4203-AE34-9CFE1A860D7A}.Debug|Any CPU.ActiveCfg = Debug|Any CPU
		{E81BACE6-34DD-4203-AE34-9CFE1A860D7A}.Debug|Any CPU.Build.0 = Debug|Any CPU
		{E81BACE6-34DD-4203-AE34-9CFE1A860D7A}.Release|Any CPU.ActiveCfg = Release|Any CPU
		{E81BACE6-34DD-4203-AE34-9CFE1A860D7A}.Release|Any CPU.Build.0 = Release|Any CPU
		{018D3174-E4DA-4130-B032-05BCFAADF804}.Debug|Any CPU.ActiveCfg = Debug|Any CPU
		{018D3174-E4DA-4130-B032-05BCFAADF804}.Debug|Any CPU.Build.0 = Debug|Any CPU
		{018D3174-E4DA-4130-B032-05BCFAADF804}.Release|Any CPU.ActiveCfg = Release|Any CPU
		{018D3174-E4DA-4130-B032-05BCFAADF804}.Release|Any CPU.Build.0 = Release|Any CPU
		{4E610C09-8757-4424-A6D6-05C5B4BF9D2E}.Debug|Any CPU.ActiveCfg = Debug|Any CPU
		{4E610C09-8757-4424-A6D6-05C5B4BF9D2E}.Debug|Any CPU.Build.0 = Debug|Any CPU
		{4E610C09-8757-4424-A6D6-05C5B4BF9D2E}.Release|Any CPU.ActiveCfg = Release|Any CPU
		{4E610C09-8757-4424-A6D6-05C5B4BF9D2E}.Release|Any CPU.Build.0 = Release|Any CPU
	EndGlobalSection
	GlobalSection(SolutionProperties) = preSolution
		HideSolutionNode = FALSE
	EndGlobalSection
	GlobalSection(NestedProjects) = preSolution
		{1DE77413-DE02-4C4F-8C3F-906E43F36FF2} = {E7F62BE7-12A7-43FA-98A0-559A4910F9B3}
		{5257A447-FB95-4B52-94ED-8316534D360B} = {2B785443-BBC4-490C-B4CB-55EA1BCD5FD0}
		{EA75EF80-DD14-4929-B272-087E0B894208} = {58B64367-A825-4E14-B6CB-CD46DC58016F}
		{E81BACE6-34DD-4203-AE34-9CFE1A860D7A} = {34565D92-074F-4B77-9A1F-0D16C1CC2F86}
		{4E610C09-8757-4424-A6D6-05C5B4BF9D2E} = {E7F62BE7-12A7-43FA-98A0-559A4910F9B3}
		{E7F62BE7-12A7-43FA-98A0-559A4910F9B3} = {2B785443-BBC4-490C-B4CB-55EA1BCD5FD0}
		{A4271E71-1DA8-440E-BBA3-44F38F1FCA16} = {2B785443-BBC4-490C-B4CB-55EA1BCD5FD0}
		{34565D92-074F-4B77-9A1F-0D16C1CC2F86} = {2B785443-BBC4-490C-B4CB-55EA1BCD5FD0}
		{58B64367-A825-4E14-B6CB-CD46DC58016F} = {2B785443-BBC4-490C-B4CB-55EA1BCD5FD0}
	EndGlobalSection
	GlobalSection(ExtensibilityGlobals) = postSolution
		SolutionGuid = {3C1B4E58-50A6-45B2-A4CE-317248652763}
	EndGlobalSection
EndGlobal
